
Microsoft Visual Studio Solution File, Format Version 12.00
# Visual Studio Version 17
VisualStudioVersion = 17.0.31912.275
MinimumVisualStudioVersion = 10.0.40219.1
Project("{2150E333-8FDC-42A3-9474-1A3956D46DE8}") = "src", "src", "{D1F4C390-7448-451A-B35D-E80384ED2B4D}"
EndProject
Project("{2150E333-8FDC-42A3-9474-1A3956D46DE8}") = "tests", "tests", "{EC253D41-7EB1-4D6B-A01F-0CA9FA1B0CD2}"
EndProject
Project("{2150E333-8FDC-42A3-9474-1A3956D46DE8}") = "01.Core", "01.Core", "{9624DEA2-AE3D-4B04-9AB7-F52AC607C4ED}"
EndProject
Project("{9A19103F-16F7-4668-BE54-9A1E7A4F7556}") = "Domain", "src\01.Core\Domain\Domain.csproj", "{1683AEA4-4B2E-4711-AE75-E850741098C7}"
EndProject
Project("{9A19103F-16F7-4668-BE54-9A1E7A4F7556}") = "ApplicationContracts", "src\01.Core\ApplicationContracts\ApplicationContracts.csproj", "{0AE1B57A-C055-44D9-AA91-0D6C97CB904D}"
EndProject
Project("{9A19103F-16F7-4668-BE54-9A1E7A4F7556}") = "ApplicationServices", "src\01.Core\ApplicationServices\ApplicationServices.csproj", "{B8E5569C-B874-49EC-BA09-B1BF44F3A49B}"
EndProject
Project("{2150E333-8FDC-42A3-9474-1A3956D46DE8}") = "02.Infrastructure", "02.Infrastructure", "{AF263896-0262-4A80-921A-5F321B5A07A9}"
EndProject
Project("{9A19103F-16F7-4668-BE54-9A1E7A4F7556}") = "Infrastructure", "src\02.Infrastructure\Infrastructure\Infrastructure.csproj", "{10D05AC2-4CF6-4911-A34F-805902690070}"
EndProject
Project("{2150E333-8FDC-42A3-9474-1A3956D46DE8}") = "03.Persistence", "03.Persistence", "{0D5B4F37-1F2D-4927-9A48-83D261083B26}"
EndProject
Project("{9A19103F-16F7-4668-BE54-9A1E7A4F7556}") = "Persistence.Ef", "src\03.Persistence\Persistence.Ef\Persistence.Ef.csproj", "{3F13EB30-AE6F-4C57-B19F-7F60AC71A49D}"
EndProject
Project("{2150E333-8FDC-42A3-9474-1A3956D46DE8}") = "00.Framework", "00.Framework", "{89C44C0E-57C1-4321-8FDB-C40323AFFB04}"
EndProject
Project("{9A19103F-16F7-4668-BE54-9A1E7A4F7556}") = "Identity", "src\00.Framework\Identity\Identity.csproj", "{FE9AB36F-3B0D-467E-B466-25D28C3C5F00}"
EndProject
Project("{2150E333-8FDC-42A3-9474-1A3956D46DE8}") = "04.EndPoints", "04.EndPoints", "{F1C61763-ED79-40C0-99AD-1AFB1B244E82}"
EndProject
Project("{FAE04EC0-301F-11D3-BF4B-00C04F79EFBC}") = "Identity.Migrations", "src\00.Framework\Identity.Migrations\Identity.Migrations.csproj", "{A5FFDED0-0957-4C61-9FA6-FA82CC464DBA}"
EndProject
Project("{FAE04EC0-301F-11D3-BF4B-00C04F79EFBC}") = "Test.Unit.Services", "tests\Test.Unit.Services\Test.Unit.Services.csproj", "{4A6FC3A5-5B16-446C-BC2D-708C9E1A9A6E}"
EndProject
Project("{FAE04EC0-301F-11D3-BF4B-00C04F79EFBC}") = "Test.Infrastructure", "tests\Test.Infrastructure\Test.Infrastructure.csproj", "{218BE7DB-0610-4161-9F3E-4F2DB18FE9C3}"
EndProject
Project("{FAE04EC0-301F-11D3-BF4B-00C04F79EFBC}") = "Test.Unit.Infrastructure", "tests\Test.Unit.Infrastructure\Test.Unit.Infrastructure.csproj", "{7FAB36C4-9223-435D-8C28-A686BEDD6727}"
EndProject
Project("{FAE04EC0-301F-11D3-BF4B-00C04F79EFBC}") = "RestApi", "src\04.EndPoints\RestApi\RestApi.csproj", "{C097ADF9-EA6A-4876-A4FF-863658DCF32D}"
EndProject
Project("{FAE04EC0-301F-11D3-BF4B-00C04F79EFBC}") = "Test.Integration", "tests\Test.Integration\Test.Integration.csproj", "{B4E0EEC9-561D-4393-AF4F-492AA8AA1A97}"
EndProject
Global
	GlobalSection(SolutionConfigurationPlatforms) = preSolution
		Debug|Any CPU = Debug|Any CPU
		Release|Any CPU = Release|Any CPU
	EndGlobalSection
	GlobalSection(ProjectConfigurationPlatforms) = postSolution
		{1683AEA4-4B2E-4711-AE75-E850741098C7}.Debug|Any CPU.ActiveCfg = Debug|Any CPU
		{1683AEA4-4B2E-4711-AE75-E850741098C7}.Debug|Any CPU.Build.0 = Debug|Any CPU
		{1683AEA4-4B2E-4711-AE75-E850741098C7}.Release|Any CPU.ActiveCfg = Release|Any CPU
		{1683AEA4-4B2E-4711-AE75-E850741098C7}.Release|Any CPU.Build.0 = Release|Any CPU
		{0AE1B57A-C055-44D9-AA91-0D6C97CB904D}.Debug|Any CPU.ActiveCfg = Debug|Any CPU
		{0AE1B57A-C055-44D9-AA91-0D6C97CB904D}.Debug|Any CPU.Build.0 = Debug|Any CPU
		{0AE1B57A-C055-44D9-AA91-0D6C97CB904D}.Release|Any CPU.ActiveCfg = Release|Any CPU
		{0AE1B57A-C055-44D9-AA91-0D6C97CB904D}.Release|Any CPU.Build.0 = Release|Any CPU
		{B8E5569C-B874-49EC-BA09-B1BF44F3A49B}.Debug|Any CPU.ActiveCfg = Debug|Any CPU
		{B8E5569C-B874-49EC-BA09-B1BF44F3A49B}.Debug|Any CPU.Build.0 = Debug|Any CPU
		{B8E5569C-B874-49EC-BA09-B1BF44F3A49B}.Release|Any CPU.ActiveCfg = Release|Any CPU
		{B8E5569C-B874-49EC-BA09-B1BF44F3A49B}.Release|Any CPU.Build.0 = Release|Any CPU
		{10D05AC2-4CF6-4911-A34F-805902690070}.Debug|Any CPU.ActiveCfg = Debug|Any CPU
		{10D05AC2-4CF6-4911-A34F-805902690070}.Debug|Any CPU.Build.0 = Debug|Any CPU
		{10D05AC2-4CF6-4911-A34F-805902690070}.Release|Any CPU.ActiveCfg = Release|Any CPU
		{10D05AC2-4CF6-4911-A34F-805902690070}.Release|Any CPU.Build.0 = Release|Any CPU
		{3F13EB30-AE6F-4C57-B19F-7F60AC71A49D}.Debug|Any CPU.ActiveCfg = Debug|Any CPU
		{3F13EB30-AE6F-4C57-B19F-7F60AC71A49D}.Debug|Any CPU.Build.0 = Debug|Any CPU
		{3F13EB30-AE6F-4C57-B19F-7F60AC71A49D}.Release|Any CPU.ActiveCfg = Release|Any CPU
		{3F13EB30-AE6F-4C57-B19F-7F60AC71A49D}.Release|Any CPU.Build.0 = Release|Any CPU
		{FE9AB36F-3B0D-467E-B466-25D28C3C5F00}.Debug|Any CPU.ActiveCfg = Debug|Any CPU
		{FE9AB36F-3B0D-467E-B466-25D28C3C5F00}.Debug|Any CPU.Build.0 = Debug|Any CPU
		{FE9AB36F-3B0D-467E-B466-25D28C3C5F00}.Release|Any CPU.ActiveCfg = Release|Any CPU
		{FE9AB36F-3B0D-467E-B466-25D28C3C5F00}.Release|Any CPU.Build.0 = Release|Any CPU
		{A5FFDED0-0957-4C61-9FA6-FA82CC464DBA}.Debug|Any CPU.ActiveCfg = Debug|Any CPU
		{A5FFDED0-0957-4C61-9FA6-FA82CC464DBA}.Debug|Any CPU.Build.0 = Debug|Any CPU
		{A5FFDED0-0957-4C61-9FA6-FA82CC464DBA}.Release|Any CPU.ActiveCfg = Release|Any CPU
		{A5FFDED0-0957-4C61-9FA6-FA82CC464DBA}.Release|Any CPU.Build.0 = Release|Any CPU
		{4A6FC3A5-5B16-446C-BC2D-708C9E1A9A6E}.Debug|Any CPU.ActiveCfg = Debug|Any CPU
		{4A6FC3A5-5B16-446C-BC2D-708C9E1A9A6E}.Debug|Any CPU.Build.0 = Debug|Any CPU
		{4A6FC3A5-5B16-446C-BC2D-708C9E1A9A6E}.Release|Any CPU.ActiveCfg = Release|Any CPU
		{4A6FC3A5-5B16-446C-BC2D-708C9E1A9A6E}.Release|Any CPU.Build.0 = Release|Any CPU
		{218BE7DB-0610-4161-9F3E-4F2DB18FE9C3}.Debug|Any CPU.ActiveCfg = Debug|Any CPU
		{218BE7DB-0610-4161-9F3E-4F2DB18FE9C3}.Debug|Any CPU.Build.0 = Debug|Any CPU
		{218BE7DB-0610-4161-9F3E-4F2DB18FE9C3}.Release|Any CPU.ActiveCfg = Release|Any CPU
		{218BE7DB-0610-4161-9F3E-4F2DB18FE9C3}.Release|Any CPU.Build.0 = Release|Any CPU
		{7FAB36C4-9223-435D-8C28-A686BEDD6727}.Debug|Any CPU.ActiveCfg = Debug|Any CPU
		{7FAB36C4-9223-435D-8C28-A686BEDD6727}.Debug|Any CPU.Build.0 = Debug|Any CPU
		{7FAB36C4-9223-435D-8C28-A686BEDD6727}.Release|Any CPU.ActiveCfg = Release|Any CPU
		{7FAB36C4-9223-435D-8C28-A686BEDD6727}.Release|Any CPU.Build.0 = Release|Any CPU
		{C097ADF9-EA6A-4876-A4FF-863658DCF32D}.Debug|Any CPU.ActiveCfg = Debug|Any CPU
		{C097ADF9-EA6A-4876-A4FF-863658DCF32D}.Debug|Any CPU.Build.0 = Debug|Any CPU
		{C097ADF9-EA6A-4876-A4FF-863658DCF32D}.Release|Any CPU.ActiveCfg = Release|Any CPU
		{C097ADF9-EA6A-4876-A4FF-863658DCF32D}.Release|Any CPU.Build.0 = Release|Any CPU
		{B4E0EEC9-561D-4393-AF4F-492AA8AA1A97}.Debug|Any CPU.ActiveCfg = Debug|Any CPU
		{B4E0EEC9-561D-4393-AF4F-492AA8AA1A97}.Debug|Any CPU.Build.0 = Debug|Any CPU
		{B4E0EEC9-561D-4393-AF4F-492AA8AA1A97}.Release|Any CPU.ActiveCfg = Release|Any CPU
		{B4E0EEC9-561D-4393-AF4F-492AA8AA1A97}.Release|Any CPU.Build.0 = Release|Any CPU
	EndGlobalSection
	GlobalSection(SolutionProperties) = preSolution
		HideSolutionNode = FALSE
	EndGlobalSection
	GlobalSection(NestedProjects) = preSolution
		{9624DEA2-AE3D-4B04-9AB7-F52AC607C4ED} = {D1F4C390-7448-451A-B35D-E80384ED2B4D}
		{1683AEA4-4B2E-4711-AE75-E850741098C7} = {9624DEA2-AE3D-4B04-9AB7-F52AC607C4ED}
		{0AE1B57A-C055-44D9-AA91-0D6C97CB904D} = {9624DEA2-AE3D-4B04-9AB7-F52AC607C4ED}
		{B8E5569C-B874-49EC-BA09-B1BF44F3A49B} = {9624DEA2-AE3D-4B04-9AB7-F52AC607C4ED}
		{AF263896-0262-4A80-921A-5F321B5A07A9} = {D1F4C390-7448-451A-B35D-E80384ED2B4D}
		{10D05AC2-4CF6-4911-A34F-805902690070} = {AF263896-0262-4A80-921A-5F321B5A07A9}
		{0D5B4F37-1F2D-4927-9A48-83D261083B26} = {D1F4C390-7448-451A-B35D-E80384ED2B4D}
		{3F13EB30-AE6F-4C57-B19F-7F60AC71A49D} = {0D5B4F37-1F2D-4927-9A48-83D261083B26}
		{89C44C0E-57C1-4321-8FDB-C40323AFFB04} = {D1F4C390-7448-451A-B35D-E80384ED2B4D}
		{FE9AB36F-3B0D-467E-B466-25D28C3C5F00} = {89C44C0E-57C1-4321-8FDB-C40323AFFB04}
		{F1C61763-ED79-40C0-99AD-1AFB1B244E82} = {D1F4C390-7448-451A-B35D-E80384ED2B4D}
		{A5FFDED0-0957-4C61-9FA6-FA82CC464DBA} = {89C44C0E-57C1-4321-8FDB-C40323AFFB04}
		{4A6FC3A5-5B16-446C-BC2D-708C9E1A9A6E} = {EC253D41-7EB1-4D6B-A01F-0CA9FA1B0CD2}
		{218BE7DB-0610-4161-9F3E-4F2DB18FE9C3} = {EC253D41-7EB1-4D6B-A01F-0CA9FA1B0CD2}
		{7FAB36C4-9223-435D-8C28-A686BEDD6727} = {EC253D41-7EB1-4D6B-A01F-0CA9FA1B0CD2}
		{C097ADF9-EA6A-4876-A4FF-863658DCF32D} = {F1C61763-ED79-40C0-99AD-1AFB1B244E82}
		{B4E0EEC9-561D-4393-AF4F-492AA8AA1A97} = {EC253D41-7EB1-4D6B-A01F-0CA9FA1B0CD2}
	EndGlobalSection
	GlobalSection(ExtensibilityGlobals) = postSolution
		SolutionGuid = {3288C365-1725-41ED-BDA4-C8A805E32567}
	EndGlobalSection
EndGlobal
